
Microsoft Visual Studio Solution File, Format Version 12.00
# Visual Studio Version 16
VisualStudioVersion = 16.0.29009.5
MinimumVisualStudioVersion = 10.0.40219.1
Project("{2150E333-8FDC-42A3-9474-1A3956D46DE8}") = "src", "src", "{0C36A304-79E6-4239-B641-3C229DFFEFF9}"
EndProject
Project("{9A19103F-16F7-4668-BE54-9A1E7A4F7556}") = "MyFirstTestAPI", "src\MyFirstTestAPI\MyFirstTestAPI.csproj", "{B8FA442C-85D6-4976-A80B-18F0EC864CC0}"
EndProject
Global
	GlobalSection(SolutionConfigurationPlatforms) = preSolution
		Debug|Any CPU = Debug|Any CPU
		Release|Any CPU = Release|Any CPU
	EndGlobalSection
	GlobalSection(ProjectConfigurationPlatforms) = postSolution
		{B8FA442C-85D6-4976-A80B-18F0EC864CC0}.Debug|Any CPU.ActiveCfg = Debug|Any CPU
		{B8FA442C-85D6-4976-A80B-18F0EC864CC0}.Debug|Any CPU.Build.0 = Debug|Any CPU
		{B8FA442C-85D6-4976-A80B-18F0EC864CC0}.Release|Any CPU.ActiveCfg = Release|Any CPU
		{B8FA442C-85D6-4976-A80B-18F0EC864CC0}.Release|Any CPU.Build.0 = Release|Any CPU
	EndGlobalSection
	GlobalSection(SolutionProperties) = preSolution
		HideSolutionNode = FALSE
	EndGlobalSection
	GlobalSection(NestedProjects) = preSolution
		{B8FA442C-85D6-4976-A80B-18F0EC864CC0} = {0C36A304-79E6-4239-B641-3C229DFFEFF9}
	EndGlobalSection
	GlobalSection(ExtensibilityGlobals) = postSolution
		SolutionGuid = {37F3ABBE-D252-4A73-99EA-CA46340BDD6F}
	EndGlobalSection
EndGlobal
